// !$*UTF8*$!
{
	archiveVersion = 1;
	classes = {
	};
	objectVersion = 50;
	objects = {

/* Begin PBXBuildFile section */
		58EBCF0C22D1CF6600787B19 /* AppDelegate.swift in Sources */ = {isa = PBXBuildFile; fileRef = 58EBCF0B22D1CF6600787B19 /* AppDelegate.swift */; };
		58EBCF0E22D1CF6600787B19 /* ViewController.swift in Sources */ = {isa = PBXBuildFile; fileRef = 58EBCF0D22D1CF6600787B19 /* ViewController.swift */; };
		58EBCF1122D1CF6600787B19 /* Main.storyboard in Resources */ = {isa = PBXBuildFile; fileRef = 58EBCF0F22D1CF6600787B19 /* Main.storyboard */; };
		58EBCF1422D1CF6600787B19 /* CoreData_DogWalk.xcdatamodeld in Sources */ = {isa = PBXBuildFile; fileRef = 58EBCF1222D1CF6600787B19 /* CoreData_DogWalk.xcdatamodeld */; };
		58EBCF1622D1CF6700787B19 /* Assets.xcassets in Resources */ = {isa = PBXBuildFile; fileRef = 58EBCF1522D1CF6700787B19 /* Assets.xcassets */; };
		58EBCF1922D1CF6700787B19 /* LaunchScreen.storyboard in Resources */ = {isa = PBXBuildFile; fileRef = 58EBCF1722D1CF6700787B19 /* LaunchScreen.storyboard */; };
		58EBCF2122D1D44B00787B19 /* CoreDataStack.swift in Sources */ = {isa = PBXBuildFile; fileRef = 58EBCF2022D1D44B00787B19 /* CoreDataStack.swift */; };
		58EBCF2622D1D8E400787B19 /* Dog+CoreDataClass.swift in Sources */ = {isa = PBXBuildFile; fileRef = 58EBCF2222D1D8E400787B19 /* Dog+CoreDataClass.swift */; };
		58EBCF2722D1D8E400787B19 /* Dog+CoreDataProperties.swift in Sources */ = {isa = PBXBuildFile; fileRef = 58EBCF2322D1D8E400787B19 /* Dog+CoreDataProperties.swift */; };
		58EBCF2822D1D8E400787B19 /* Walk+CoreDataClass.swift in Sources */ = {isa = PBXBuildFile; fileRef = 58EBCF2422D1D8E400787B19 /* Walk+CoreDataClass.swift */; };
		58EBCF2922D1D8E400787B19 /* Walk+CoreDataProperties.swift in Sources */ = {isa = PBXBuildFile; fileRef = 58EBCF2522D1D8E400787B19 /* Walk+CoreDataProperties.swift */; };
/* End PBXBuildFile section */

/* Begin PBXFileReference section */
		58EBCF0822D1CF6600787B19 /* CoreData_DogWalk.app */ = {isa = PBXFileReference; explicitFileType = wrapper.application; includeInIndex = 0; path = CoreData_DogWalk.app; sourceTree = BUILT_PRODUCTS_DIR; };
		58EBCF0B22D1CF6600787B19 /* AppDelegate.swift */ = {isa = PBXFileReference; lastKnownFileType = sourcecode.swift; path = AppDelegate.swift; sourceTree = "<group>"; };
		58EBCF0D22D1CF6600787B19 /* ViewController.swift */ = {isa = PBXFileReference; lastKnownFileType = sourcecode.swift; path = ViewController.swift; sourceTree = "<group>"; };
		58EBCF1022D1CF6600787B19 /* Base */ = {isa = PBXFileReference; lastKnownFileType = file.storyboard; name = Base; path = Base.lproj/Main.storyboard; sourceTree = "<group>"; };
		58EBCF1322D1CF6600787B19 /* CoreData_DogWalk.xcdatamodel */ = {isa = PBXFileReference; lastKnownFileType = wrapper.xcdatamodel; path = CoreData_DogWalk.xcdatamodel; sourceTree = "<group>"; };
		58EBCF1522D1CF6700787B19 /* Assets.xcassets */ = {isa = PBXFileReference; lastKnownFileType = folder.assetcatalog; path = Assets.xcassets; sourceTree = "<group>"; };
		58EBCF1822D1CF6700787B19 /* Base */ = {isa = PBXFileReference; lastKnownFileType = file.storyboard; name = Base; path = Base.lproj/LaunchScreen.storyboard; sourceTree = "<group>"; };
		58EBCF1A22D1CF6700787B19 /* Info.plist */ = {isa = PBXFileReference; lastKnownFileType = text.plist.xml; path = Info.plist; sourceTree = "<group>"; };
		58EBCF2022D1D44B00787B19 /* CoreDataStack.swift */ = {isa = PBXFileReference; lastKnownFileType = sourcecode.swift; path = CoreDataStack.swift; sourceTree = "<group>"; };
		58EBCF2222D1D8E400787B19 /* Dog+CoreDataClass.swift */ = {isa = PBXFileReference; lastKnownFileType = sourcecode.swift; path = "Dog+CoreDataClass.swift"; sourceTree = "<group>"; };
		58EBCF2322D1D8E400787B19 /* Dog+CoreDataProperties.swift */ = {isa = PBXFileReference; lastKnownFileType = sourcecode.swift; path = "Dog+CoreDataProperties.swift"; sourceTree = "<group>"; };
		58EBCF2422D1D8E400787B19 /* Walk+CoreDataClass.swift */ = {isa = PBXFileReference; lastKnownFileType = sourcecode.swift; path = "Walk+CoreDataClass.swift"; sourceTree = "<group>"; };
		58EBCF2522D1D8E400787B19 /* Walk+CoreDataProperties.swift */ = {isa = PBXFileReference; lastKnownFileType = sourcecode.swift; path = "Walk+CoreDataProperties.swift"; sourceTree = "<group>"; };
/* End PBXFileReference section */

/* Begin PBXFrameworksBuildPhase section */
		58EBCF0522D1CF6600787B19 /* Frameworks */ = {
			isa = PBXFrameworksBuildPhase;
			buildActionMask = 2147483647;
			files = (
			);
			runOnlyForDeploymentPostprocessing = 0;
		};
/* End PBXFrameworksBuildPhase section */

/* Begin PBXGroup section */
		58EBCEFF22D1CF6600787B19 = {
			isa = PBXGroup;
			children = (
				58EBCF0A22D1CF6600787B19 /* CoreData_DogWalk */,
				58EBCF0922D1CF6600787B19 /* Products */,
			);
			sourceTree = "<group>";
		};
		58EBCF0922D1CF6600787B19 /* Products */ = {
			isa = PBXGroup;
			children = (
				58EBCF0822D1CF6600787B19 /* CoreData_DogWalk.app */,
			);
			name = Products;
			sourceTree = "<group>";
		};
		58EBCF0A22D1CF6600787B19 /* CoreData_DogWalk */ = {
			isa = PBXGroup;
			children = (
				58EBCF2A22D1D91E00787B19 /* CoreDataObjects */,
				58EBCF0B22D1CF6600787B19 /* AppDelegate.swift */,
				58EBCF0D22D1CF6600787B19 /* ViewController.swift */,
				58EBCF2022D1D44B00787B19 /* CoreDataStack.swift */,
				58EBCF0F22D1CF6600787B19 /* Main.storyboard */,
				58EBCF1522D1CF6700787B19 /* Assets.xcassets */,
				58EBCF1722D1CF6700787B19 /* LaunchScreen.storyboard */,
				58EBCF1A22D1CF6700787B19 /* Info.plist */,
				58EBCF1222D1CF6600787B19 /* CoreData_DogWalk.xcdatamodeld */,
			);
			path = CoreData_DogWalk;
			sourceTree = "<group>";
		};
		58EBCF2A22D1D91E00787B19 /* CoreDataObjects */ = {
			isa = PBXGroup;
			children = (
				58EBCF2222D1D8E400787B19 /* Dog+CoreDataClass.swift */,
				58EBCF2322D1D8E400787B19 /* Dog+CoreDataProperties.swift */,
				58EBCF2422D1D8E400787B19 /* Walk+CoreDataClass.swift */,
				58EBCF2522D1D8E400787B19 /* Walk+CoreDataProperties.swift */,
			);
			path = CoreDataObjects;
			sourceTree = "<group>";
		};
/* End PBXGroup section */

/* Begin PBXNativeTarget section */
		58EBCF0722D1CF6600787B19 /* CoreData_DogWalk */ = {
			isa = PBXNativeTarget;
			buildConfigurationList = 58EBCF1D22D1CF6700787B19 /* Build configuration list for PBXNativeTarget "CoreData_DogWalk" */;
			buildPhases = (
				58EBCF0422D1CF6600787B19 /* Sources */,
				58EBCF0522D1CF6600787B19 /* Frameworks */,
				58EBCF0622D1CF6600787B19 /* Resources */,
			);
			buildRules = (
			);
			dependencies = (
			);
			name = CoreData_DogWalk;
			productName = CoreData_DogWalk;
			productReference = 58EBCF0822D1CF6600787B19 /* CoreData_DogWalk.app */;
			productType = "com.apple.product-type.application";
		};
/* End PBXNativeTarget section */

/* Begin PBXProject section */
		58EBCF0022D1CF6600787B19 /* Project object */ = {
			isa = PBXProject;
			attributes = {
				LastSwiftUpdateCheck = 1020;
				LastUpgradeCheck = 1020;
				ORGANIZATIONNAME = "Alex Kolovatov";
				TargetAttributes = {
					58EBCF0722D1CF6600787B19 = {
						CreatedOnToolsVersion = 10.2.1;
					};
				};
			};
			buildConfigurationList = 58EBCF0322D1CF6600787B19 /* Build configuration list for PBXProject "CoreData_DogWalk" */;
			compatibilityVersion = "Xcode 9.3";
			developmentRegion = en;
			hasScannedForEncodings = 0;
			knownRegions = (
				en,
				Base,
			);
			mainGroup = 58EBCEFF22D1CF6600787B19;
			productRefGroup = 58EBCF0922D1CF6600787B19 /* Products */;
			projectDirPath = "";
			projectRoot = "";
			targets = (
				58EBCF0722D1CF6600787B19 /* CoreData_DogWalk */,
			);
		};
/* End PBXProject section */

/* Begin PBXResourcesBuildPhase section */
		58EBCF0622D1CF6600787B19 /* Resources */ = {
			isa = PBXResourcesBuildPhase;
			buildActionMask = 2147483647;
			files = (
				58EBCF1922D1CF6700787B19 /* LaunchScreen.storyboard in Resources */,
				58EBCF1622D1CF6700787B19 /* Assets.xcassets in Resources */,
				58EBCF1122D1CF6600787B19 /* Main.storyboard in Resources */,
			);
			runOnlyForDeploymentPostprocessing = 0;
		};
/* End PBXResourcesBuildPhase section */

/* Begin PBXSourcesBuildPhase section */
		58EBCF0422D1CF6600787B19 /* Sources */ = {
			isa = PBXSourcesBuildPhase;
			buildActionMask = 2147483647;
			files = (
				58EBCF2722D1D8E400787B19 /* Dog+CoreDataProperties.swift in Sources */,
				58EBCF0E22D1CF6600787B19 /* ViewController.swift in Sources */,
				58EBCF2922D1D8E400787B19 /* Walk+CoreDataProperties.swift in Sources */,
				58EBCF2622D1D8E400787B19 /* Dog+CoreDataClass.swift in Sources */,
				58EBCF0C22D1CF6600787B19 /* AppDelegate.swift in Sources */,
				58EBCF1422D1CF6600787B19 /* CoreData_DogWalk.xcdatamodeld in Sources */,
				58EBCF2822D1D8E400787B19 /* Walk+CoreDataClass.swift in Sources */,
				58EBCF2122D1D44B00787B19 /* CoreDataStack.swift in Sources */,
			);
			runOnlyForDeploymentPostprocessing = 0;
		};
/* End PBXSourcesBuildPhase section */

/* Begin PBXVariantGroup section */
		58EBCF0F22D1CF6600787B19 /* Main.storyboard */ = {
			isa = PBXVariantGroup;
			children = (
				58EBCF1022D1CF6600787B19 /* Base */,
			);
			name = Main.storyboard;
			sourceTree = "<group>";
		};
		58EBCF1722D1CF6700787B19 /* LaunchScreen.storyboard */ = {
			isa = PBXVariantGroup;
			children = (
				58EBCF1822D1CF6700787B19 /* Base */,
			);
			name = LaunchScreen.storyboard;
			sourceTree = "<group>";
		};
/* End PBXVariantGroup section */

/* Begin XCBuildConfiguration section */
		58EBCF1B22D1CF6700787B19 /* Debug */ = {
			isa = XCBuildConfiguration;
			buildSettings = {
				ALWAYS_SEARCH_USER_PATHS = NO;
				CLANG_ANALYZER_NONNULL = YES;
				CLANG_ANALYZER_NUMBER_OBJECT_CONVERSION = YES_AGGRESSIVE;
				CLANG_CXX_LANGUAGE_STANDARD = "gnu++14";
				CLANG_CXX_LIBRARY = "libc++";
				CLANG_ENABLE_MODULES = YES;
				CLANG_ENABLE_OBJC_ARC = YES;
				CLANG_ENABLE_OBJC_WEAK = YES;
				CLANG_WARN_BLOCK_CAPTURE_AUTORELEASING = YES;
				CLANG_WARN_BOOL_CONVERSION = YES;
				CLANG_WARN_COMMA = YES;
				CLANG_WARN_CONSTANT_CONVERSION = YES;
				CLANG_WARN_DEPRECATED_OBJC_IMPLEMENTATIONS = YES;
				CLANG_WARN_DIRECT_OBJC_ISA_USAGE = YES_ERROR;
				CLANG_WARN_DOCUMENTATION_COMMENTS = YES;
				CLANG_WARN_EMPTY_BODY = YES;
				CLANG_WARN_ENUM_CONVERSION = YES;
				CLANG_WARN_INFINITE_RECURSION = YES;
				CLANG_WARN_INT_CONVERSION = YES;
				CLANG_WARN_NON_LITERAL_NULL_CONVERSION = YES;
				CLANG_WARN_OBJC_IMPLICIT_RETAIN_SELF = YES;
				CLANG_WARN_OBJC_LITERAL_CONVERSION = YES;
				CLANG_WARN_OBJC_ROOT_CLASS = YES_ERROR;
				CLANG_WARN_RANGE_LOOP_ANALYSIS = YES;
				CLANG_WARN_STRICT_PROTOTYPES = YES;
				CLANG_WARN_SUSPICIOUS_MOVE = YES;
				CLANG_WARN_UNGUARDED_AVAILABILITY = YES_AGGRESSIVE;
				CLANG_WARN_UNREACHABLE_CODE = YES;
				CLANG_WARN__DUPLICATE_METHOD_MATCH = YES;
				CODE_SIGN_IDENTITY = "iPhone Developer";
				COPY_PHASE_STRIP = NO;
				DEBUG_INFORMATION_FORMAT = dwarf;
				ENABLE_STRICT_OBJC_MSGSEND = YES;
				ENABLE_TESTABILITY = YES;
				GCC_C_LANGUAGE_STANDARD = gnu11;
				GCC_DYNAMIC_NO_PIC = NO;
				GCC_NO_COMMON_BLOCKS = YES;
				GCC_OPTIMIZATION_LEVEL = 0;
				GCC_PREPROCESSOR_DEFINITIONS = (
					"DEBUG=1",
					"$(inherited)",
				);
				GCC_WARN_64_TO_32_BIT_CONVERSION = YES;
				GCC_WARN_ABOUT_RETURN_TYPE = YES_ERROR;
				GCC_WARN_UNDECLARED_SELECTOR = YES;
				GCC_WARN_UNINITIALIZED_AUTOS = YES_AGGRESSIVE;
				GCC_WARN_UNUSED_FUNCTION = YES;
				GCC_WARN_UNUSED_VARIABLE = YES;
				IPHONEOS_DEPLOYMENT_TARGET = 12.2;
				MTL_ENABLE_DEBUG_INFO = INCLUDE_SOURCE;
				MTL_FAST_MATH = YES;
				ONLY_ACTIVE_ARCH = YES;
				SDKROOT = iphoneos;
				SWIFT_ACTIVE_COMPILATION_CONDITIONS = DEBUG;
				SWIFT_OPTIMIZATION_LEVEL = "-Onone";
			};
			name = Debug;
		};
		58EBCF1C22D1CF6700787B19 /* Release */ = {
			isa = XCBuildConfiguration;
			buildSettings = {
				ALWAYS_SEARCH_USER_PATHS = NO;
				CLANG_ANALYZER_NONNULL = YES;
				CLANG_ANALYZER_NUMBER_OBJECT_CONVERSION = YES_AGGRESSIVE;
				CLANG_CXX_LANGUAGE_STANDARD = "gnu++14";
				CLANG_CXX_LIBRARY = "libc++";
				CLANG_ENABLE_MODULES = YES;
				CLANG_ENABLE_OBJC_ARC = YES;
				CLANG_ENABLE_OBJC_WEAK = YES;
				CLANG_WARN_BLOCK_CAPTURE_AUTORELEASING = YES;
				CLANG_WARN_BOOL_CONVERSION = YES;
				CLANG_WARN_COMMA = YES;
				CLANG_WARN_CONSTANT_CONVERSION = YES;
				CLANG_WARN_DEPRECATED_OBJC_IMPLEMENTATIONS = YES;
				CLANG_WARN_DIRECT_OBJC_ISA_USAGE = YES_ERROR;
				CLANG_WARN_DOCUMENTATION_COMMENTS = YES;
				CLANG_WARN_EMPTY_BODY = YES;
				CLANG_WARN_ENUM_CONVERSION = YES;
				CLANG_WARN_INFINITE_RECURSION = YES;
				CLANG_WARN_INT_CONVERSION = YES;
				CLANG_WARN_NON_LITERAL_NULL_CONVERSION = YES;
				CLANG_WARN_OBJC_IMPLICIT_RETAIN_SELF = YES;
				CLANG_WARN_OBJC_LITERAL_CONVERSION = YES;
				CLANG_WARN_OBJC_ROOT_CLASS = YES_ERROR;
				CLANG_WARN_RANGE_LOOP_ANALYSIS = YES;
				CLANG_WARN_STRICT_PROTOTYPES = YES;
				CLANG_WARN_SUSPICIOUS_MOVE = YES;
				CLANG_WARN_UNGUARDED_AVAILABILITY = YES_AGGRESSIVE;
				CLANG_WARN_UNREACHABLE_CODE = YES;
				CLANG_WARN__DUPLICATE_METHOD_MATCH = YES;
				CODE_SIGN_IDENTITY = "iPhone Developer";
				COPY_PHASE_STRIP = NO;
				DEBUG_INFORMATION_FORMAT = "dwarf-with-dsym";
				ENABLE_NS_ASSERTIONS = NO;
				ENABLE_STRICT_OBJC_MSGSEND = YES;
				GCC_C_LANGUAGE_STANDARD = gnu11;
				GCC_NO_COMMON_BLOCKS = YES;
				GCC_WARN_64_TO_32_BIT_CONVERSION = YES;
				GCC_WARN_ABOUT_RETURN_TYPE = YES_ERROR;
				GCC_WARN_UNDECLARED_SELECTOR = YES;
				GCC_WARN_UNINITIALIZED_AUTOS = YES_AGGRESSIVE;
				GCC_WARN_UNUSED_FUNCTION = YES;
				GCC_WARN_UNUSED_VARIABLE = YES;
				IPHONEOS_DEPLOYMENT_TARGET = 12.2;
				MTL_ENABLE_DEBUG_INFO = NO;
				MTL_FAST_MATH = YES;
				SDKROOT = iphoneos;
				SWIFT_COMPILATION_MODE = wholemodule;
				SWIFT_OPTIMIZATION_LEVEL = "-O";
				VALIDATE_PRODUCT = YES;
			};
			name = Release;
		};
		58EBCF1E22D1CF6700787B19 /* Debug */ = {
			isa = XCBuildConfiguration;
			buildSettings = {
				ASSETCATALOG_COMPILER_APPICON_NAME = AppIcon;
				CODE_SIGN_STYLE = Automatic;
				INFOPLIST_FILE = CoreData_DogWalk/Info.plist;
				LD_RUNPATH_SEARCH_PATHS = (
					"$(inherited)",
					"@executable_path/Frameworks",
				);
				PRODUCT_BUNDLE_IDENTIFIER = "RagnaCode.CoreData-DogWalk";
				PRODUCT_NAME = "$(TARGET_NAME)";
				SWIFT_VERSION = 5.0;
				TARGETED_DEVICE_FAMILY = "1,2";
			};
			name = Debug;
		};
		58EBCF1F22D1CF6700787B19 /* Release */ = {
			isa = XCBuildConfiguration;
			buildSettings = {
				ASSETCATALOG_COMPILER_APPICON_NAME = AppIcon;
				CODE_SIGN_STYLE = Automatic;
				INFOPLIST_FILE = CoreData_DogWalk/Info.plist;
				LD_RUNPATH_SEARCH_PATHS = (
					"$(inherited)",
					"@executable_path/Frameworks",
				);
				PRODUCT_BUNDLE_IDENTIFIER = "RagnaCode.CoreData-DogWalk";
				PRODUCT_NAME = "$(TARGET_NAME)";
				SWIFT_VERSION = 5.0;
				TARGETED_DEVICE_FAMILY = "1,2";
			};
			name = Release;
		};
/* End XCBuildConfiguration section */

/* Begin XCConfigurationList section */
		58EBCF0322D1CF6600787B19 /* Build configuration list for PBXProject "CoreData_DogWalk" */ = {
			isa = XCConfigurationList;
			buildConfigurations = (
				58EBCF1B22D1CF6700787B19 /* Debug */,
				58EBCF1C22D1CF6700787B19 /* Release */,
			);
			defaultConfigurationIsVisible = 0;
			defaultConfigurationName = Release;
		};
		58EBCF1D22D1CF6700787B19 /* Build configuration list for PBXNativeTarget "CoreData_DogWalk" */ = {
			isa = XCConfigurationList;
			buildConfigurations = (
				58EBCF1E22D1CF6700787B19 /* Debug */,
				58EBCF1F22D1CF6700787B19 /* Release */,
			);
			defaultConfigurationIsVisible = 0;
			defaultConfigurationName = Release;
		};
/* End XCConfigurationList section */

/* Begin XCVersionGroup section */
		58EBCF1222D1CF6600787B19 /* CoreData_DogWalk.xcdatamodeld */ = {
			isa = XCVersionGroup;
			children = (
				58EBCF1322D1CF6600787B19 /* CoreData_DogWalk.xcdatamodel */,
			);
			currentVersion = 58EBCF1322D1CF6600787B19 /* CoreData_DogWalk.xcdatamodel */;
			path = CoreData_DogWalk.xcdatamodeld;
			sourceTree = "<group>";
			versionGroupType = wrapper.xcdatamodel;
		};
/* End XCVersionGroup section */
	};
	rootObject = 58EBCF0022D1CF6600787B19 /* Project object */;
}
